// !$*UTF8*$!
{
	archiveVersion = 1;
	classes = {
	};
	objectVersion = 46;
	objects = {

/* Begin PBXBuildFile section */
		08C41C001BF835C700FEC7B7 /* main.m in Sources */ = {isa = PBXBuildFile; fileRef = 08C41BFF1BF835C700FEC7B7 /* main.m */; };
		08C41C031BF835C700FEC7B7 /* AppDelegate.m in Sources */ = {isa = PBXBuildFile; fileRef = 08C41C021BF835C700FEC7B7 /* AppDelegate.m */; };
		08C41C061BF835C700FEC7B7 /* HypnosisViewController.m in Sources */ = {isa = PBXBuildFile; fileRef = 08C41C051BF835C700FEC7B7 /* HypnosisViewController.m */; };
		08C41C091BF835C700FEC7B7 /* Main.storyboard in Resources */ = {isa = PBXBuildFile; fileRef = 08C41C071BF835C700FEC7B7 /* Main.storyboard */; };
		08C41C0B1BF835C700FEC7B7 /* Assets.xcassets in Resources */ = {isa = PBXBuildFile; fileRef = 08C41C0A1BF835C700FEC7B7 /* Assets.xcassets */; };
		08C41C0E1BF835C700FEC7B7 /* LaunchScreen.storyboard in Resources */ = {isa = PBXBuildFile; fileRef = 08C41C0C1BF835C700FEC7B7 /* LaunchScreen.storyboard */; };
		08C41C171BF8366700FEC7B7 /* HypnosisView.m in Sources */ = {isa = PBXBuildFile; fileRef = 08C41C161BF8366700FEC7B7 /* HypnosisView.m */; };
/* End PBXBuildFile section */

/* Begin PBXFileReference section */
		08C41BFB1BF835C600FEC7B7 /* HypnoTime.app */ = {isa = PBXFileReference; explicitFileType = wrapper.application; includeInIndex = 0; path = HypnoTime.app; sourceTree = BUILT_PRODUCTS_DIR; };
		08C41BFF1BF835C700FEC7B7 /* main.m */ = {isa = PBXFileReference; lastKnownFileType = sourcecode.c.objc; path = main.m; sourceTree = "<group>"; };
		08C41C011BF835C700FEC7B7 /* AppDelegate.h */ = {isa = PBXFileReference; lastKnownFileType = sourcecode.c.h; path = AppDelegate.h; sourceTree = "<group>"; };
		08C41C021BF835C700FEC7B7 /* AppDelegate.m */ = {isa = PBXFileReference; lastKnownFileType = sourcecode.c.objc; path = AppDelegate.m; sourceTree = "<group>"; };
		08C41C041BF835C700FEC7B7 /* HypnosisViewController.h */ = {isa = PBXFileReference; lastKnownFileType = sourcecode.c.h; path = HypnosisViewController.h; sourceTree = "<group>"; };
		08C41C051BF835C700FEC7B7 /* HypnosisViewController.m */ = {isa = PBXFileReference; lastKnownFileType = sourcecode.c.objc; path = HypnosisViewController.m; sourceTree = "<group>"; };
		08C41C081BF835C700FEC7B7 /* Base */ = {isa = PBXFileReference; lastKnownFileType = file.storyboard; name = Base; path = Base.lproj/Main.storyboard; sourceTree = "<group>"; };
		08C41C0A1BF835C700FEC7B7 /* Assets.xcassets */ = {isa = PBXFileReference; lastKnownFileType = folder.assetcatalog; path = Assets.xcassets; sourceTree = "<group>"; };
		08C41C0D1BF835C700FEC7B7 /* Base */ = {isa = PBXFileReference; lastKnownFileType = file.storyboard; name = Base; path = Base.lproj/LaunchScreen.storyboard; sourceTree = "<group>"; };
		08C41C0F1BF835C700FEC7B7 /* Info.plist */ = {isa = PBXFileReference; lastKnownFileType = text.plist.xml; path = Info.plist; sourceTree = "<group>"; };
		08C41C151BF8366700FEC7B7 /* HypnosisView.h */ = {isa = PBXFileReference; fileEncoding = 4; lastKnownFileType = sourcecode.c.h; path = HypnosisView.h; sourceTree = "<group>"; };
		08C41C161BF8366700FEC7B7 /* HypnosisView.m */ = {isa = PBXFileReference; fileEncoding = 4; lastKnownFileType = sourcecode.c.objc; path = HypnosisView.m; sourceTree = "<group>"; };
/* End PBXFileReference section */

/* Begin PBXFrameworksBuildPhase section */
		08C41BF81BF835C600FEC7B7 /* Frameworks */ = {
			isa = PBXFrameworksBuildPhase;
			buildActionMask = 2147483647;
			files = (
			);
			runOnlyForDeploymentPostprocessing = 0;
		};
/* End PBXFrameworksBuildPhase section */

/* Begin PBXGroup section */
		08C41BF21BF835C600FEC7B7 = {
			isa = PBXGroup;
			children = (
				08C41BFD1BF835C600FEC7B7 /* HypnoTime */,
				08C41BFC1BF835C600FEC7B7 /* Products */,
			);
			sourceTree = "<group>";
		};
		08C41BFC1BF835C600FEC7B7 /* Products */ = {
			isa = PBXGroup;
			children = (
				08C41BFB1BF835C600FEC7B7 /* HypnoTime.app */,
			);
			name = Products;
			sourceTree = "<group>";
		};
		08C41BFD1BF835C600FEC7B7 /* HypnoTime */ = {
			isa = PBXGroup;
			children = (
				08C41C011BF835C700FEC7B7 /* AppDelegate.h */,
				08C41C021BF835C700FEC7B7 /* AppDelegate.m */,
				08C41C041BF835C700FEC7B7 /* HypnosisViewController.h */,
				08C41C051BF835C700FEC7B7 /* HypnosisViewController.m */,
				08C41C151BF8366700FEC7B7 /* HypnosisView.h */,
				08C41C161BF8366700FEC7B7 /* HypnosisView.m */,
				08C41C071BF835C700FEC7B7 /* Main.storyboard */,
				08C41C0A1BF835C700FEC7B7 /* Assets.xcassets */,
				08C41C0C1BF835C700FEC7B7 /* LaunchScreen.storyboard */,
				08C41C0F1BF835C700FEC7B7 /* Info.plist */,
				08C41BFE1BF835C600FEC7B7 /* Supporting Files */,
			);
			path = HypnoTime;
			sourceTree = "<group>";
		};
		08C41BFE1BF835C600FEC7B7 /* Supporting Files */ = {
			isa = PBXGroup;
			children = (
				08C41BFF1BF835C700FEC7B7 /* main.m */,
			);
			name = "Supporting Files";
			sourceTree = "<group>";
		};
/* End PBXGroup section */

/* Begin PBXNativeTarget section */
		08C41BFA1BF835C600FEC7B7 /* HypnoTime */ = {
			isa = PBXNativeTarget;
			buildConfigurationList = 08C41C121BF835C700FEC7B7 /* Build configuration list for PBXNativeTarget "HypnoTime" */;
			buildPhases = (
				08C41BF71BF835C600FEC7B7 /* Sources */,
				08C41BF81BF835C600FEC7B7 /* Frameworks */,
				08C41BF91BF835C600FEC7B7 /* Resources */,
			);
			buildRules = (
			);
			dependencies = (
			);
			name = HypnoTime;
			productName = HypnoTime;
			productReference = 08C41BFB1BF835C600FEC7B7 /* HypnoTime.app */;
			productType = "com.apple.product-type.application";
		};
/* End PBXNativeTarget section */

/* Begin PBXProject section */
		08C41BF31BF835C600FEC7B7 /* Project object */ = {
			isa = PBXProject;
			attributes = {
				LastUpgradeCheck = 0710;
				ORGANIZATIONNAME = Voxelwise;
				TargetAttributes = {
					08C41BFA1BF835C600FEC7B7 = {
						CreatedOnToolsVersion = 7.1;
						DevelopmentTeam = N6932VKHRX;
					};
				};
			};
			buildConfigurationList = 08C41BF61BF835C600FEC7B7 /* Build configuration list for PBXProject "HypnoTime" */;
			compatibilityVersion = "Xcode 3.2";
			developmentRegion = English;
			hasScannedForEncodings = 0;
			knownRegions = (
				en,
				Base,
			);
			mainGroup = 08C41BF21BF835C600FEC7B7;
			productRefGroup = 08C41BFC1BF835C600FEC7B7 /* Products */;
			projectDirPath = "";
			projectRoot = "";
			targets = (
				08C41BFA1BF835C600FEC7B7 /* HypnoTime */,
			);
		};
/* End PBXProject section */

/* Begin PBXResourcesBuildPhase section */
		08C41BF91BF835C600FEC7B7 /* Resources */ = {
			isa = PBXResourcesBuildPhase;
			buildActionMask = 2147483647;
			files = (
				08C41C0E1BF835C700FEC7B7 /* LaunchScreen.storyboard in Resources */,
				08C41C0B1BF835C700FEC7B7 /* Assets.xcassets in Resources */,
				08C41C091BF835C700FEC7B7 /* Main.storyboard in Resources */,
			);
			runOnlyForDeploymentPostprocessing = 0;
		};
/* End PBXResourcesBuildPhase section */

/* Begin PBXSourcesBuildPhase section */
		08C41BF71BF835C600FEC7B7 /* Sources */ = {
			isa = PBXSourcesBuildPhase;
			buildActionMask = 2147483647;
			files = (
				08C41C061BF835C700FEC7B7 /* HypnosisViewController.m in Sources */,
				08C41C171BF8366700FEC7B7 /* HypnosisView.m in Sources */,
				08C41C031BF835C700FEC7B7 /* AppDelegate.m in Sources */,
				08C41C001BF835C700FEC7B7 /* main.m in Sources */,
			);
			runOnlyForDeploymentPostprocessing = 0;
		};
/* End PBXSourcesBuildPhase section */

/* Begin PBXVariantGroup section */
		08C41C071BF835C700FEC7B7 /* Main.storyboard */ = {
			isa = PBXVariantGroup;
			children = (
				08C41C081BF835C700FEC7B7 /* Base */,
			);
			name = Main.storyboard;
			sourceTree = "<group>";
		};
		08C41C0C1BF835C700FEC7B7 /* LaunchScreen.storyboard */ = {
			isa = PBXVariantGroup;
			children = (
				08C41C0D1BF835C700FEC7B7 /* Base */,
			);
			name = LaunchScreen.storyboard;
			sourceTree = "<group>";
		};
/* End PBXVariantGroup section */

/* Begin XCBuildConfiguration section */
		08C41C101BF835C700FEC7B7 /* Debug */ = {
			isa = XCBuildConfiguration;
			buildSettings = {
				ALWAYS_SEARCH_USER_PATHS = NO;
				CLANG_CXX_LANGUAGE_STANDARD = "gnu++0x";
				CLANG_CXX_LIBRARY = "libc++";
				CLANG_ENABLE_MODULES = YES;
				CLANG_ENABLE_OBJC_ARC = YES;
				CLANG_WARN_BOOL_CONVERSION = YES;
				CLANG_WARN_CONSTANT_CONVERSION = YES;
				CLANG_WARN_DIRECT_OBJC_ISA_USAGE = YES_ERROR;
				CLANG_WARN_EMPTY_BODY = YES;
				CLANG_WARN_ENUM_CONVERSION = YES;
				CLANG_WARN_INT_CONVERSION = YES;
				CLANG_WARN_OBJC_ROOT_CLASS = YES_ERROR;
				CLANG_WARN_UNREACHABLE_CODE = YES;
				CLANG_WARN__DUPLICATE_METHOD_MATCH = YES;
				"CODE_SIGN_IDENTITY[sdk=iphoneos*]" = "iPhone Developer";
				COPY_PHASE_STRIP = NO;
				DEBUG_INFORMATION_FORMAT = dwarf;
				ENABLE_STRICT_OBJC_MSGSEND = YES;
				ENABLE_TESTABILITY = YES;
				GCC_C_LANGUAGE_STANDARD = gnu99;
				GCC_DYNAMIC_NO_PIC = NO;
				GCC_NO_COMMON_BLOCKS = YES;
				GCC_OPTIMIZATION_LEVEL = 0;
				GCC_PREPROCESSOR_DEFINITIONS = (
					"DEBUG=1",
					"$(inherited)",
				);
				GCC_WARN_64_TO_32_BIT_CONVERSION = YES;
				GCC_WARN_ABOUT_RETURN_TYPE = YES_ERROR;
				GCC_WARN_UNDECLARED_SELECTOR = YES;
				GCC_WARN_UNINITIALIZED_AUTOS = YES_AGGRESSIVE;
				GCC_WARN_UNUSED_FUNCTION = YES;
				GCC_WARN_UNUSED_VARIABLE = YES;
				IPHONEOS_DEPLOYMENT_TARGET = 9.1;
				MTL_ENABLE_DEBUG_INFO = YES;
				ONLY_ACTIVE_ARCH = YES;
				SDKROOT = iphoneos;
			};
			name = Debug;
		};
		08C41C111BF835C700FEC7B7 /* Release */ = {
			isa = XCBuildConfiguration;
			buildSettings = {
				ALWAYS_SEARCH_USER_PATHS = NO;
				CLANG_CXX_LANGUAGE_STANDARD = "gnu++0x";
				CLANG_CXX_LIBRARY = "libc++";
				CLANG_ENABLE_MODULES = YES;
				CLANG_ENABLE_OBJC_ARC = YES;
				CLANG_WARN_BOOL_CONVERSION = YES;
				CLANG_WARN_CONSTANT_CONVERSION = YES;
				CLANG_WARN_DIRECT_OBJC_ISA_USAGE = YES_ERROR;
				CLANG_WARN_EMPTY_BODY = YES;
				CLANG_WARN_ENUM_CONVERSION = YES;
				CLANG_WARN_INT_CONVERSION = YES;
				CLANG_WARN_OBJC_ROOT_CLASS = YES_ERROR;
				CLANG_WARN_UNREACHABLE_CODE = YES;
				CLANG_WARN__DUPLICATE_METHOD_MATCH = YES;
				"CODE_SIGN_IDENTITY[sdk=iphoneos*]" = "iPhone Developer";
				COPY_PHASE_STRIP = NO;
				DEBUG_INFORMATION_FORMAT = "dwarf-with-dsym";
				ENABLE_NS_ASSERTIONS = NO;
				ENABLE_STRICT_OBJC_MSGSEND = YES;
				GCC_C_LANGUAGE_STANDARD = gnu99;
				GCC_NO_COMMON_BLOCKS = YES;
				GCC_WARN_64_TO_32_BIT_CONVERSION = YES;
				GCC_WARN_ABOUT_RETURN_TYPE = YES_ERROR;
				GCC_WARN_UNDECLARED_SELECTOR = YES;
				GCC_WARN_UNINITIALIZED_AUTOS = YES_AGGRESSIVE;
				GCC_WARN_UNUSED_FUNCTION = YES;
				GCC_WARN_UNUSED_VARIABLE = YES;
				IPHONEOS_DEPLOYMENT_TARGET = 9.1;
				MTL_ENABLE_DEBUG_INFO = NO;
				SDKROOT = iphoneos;
				VALIDATE_PRODUCT = YES;
			};
			name = Release;
		};
		08C41C131BF835C700FEC7B7 /* Debug */ = {
			isa = XCBuildConfiguration;
			buildSettings = {
				ASSETCATALOG_COMPILER_APPICON_NAME = AppIcon;
				INFOPLIST_FILE = HypnoTime/Info.plist;
				LD_RUNPATH_SEARCH_PATHS = "$(inherited) @executable_path/Frameworks";
				PRODUCT_BUNDLE_IDENTIFIER = com.voxelwise.HypnoTime;
				PRODUCT_NAME = "$(TARGET_NAME)";
			};
			name = Debug;
		};
		08C41C141BF835C700FEC7B7 /* Release */ = {
			isa = XCBuildConfiguration;
			buildSettings = {
				ASSETCATALOG_COMPILER_APPICON_NAME = AppIcon;
				INFOPLIST_FILE = HypnoTime/Info.plist;
				LD_RUNPATH_SEARCH_PATHS = "$(inherited) @executable_path/Frameworks";
				PRODUCT_BUNDLE_IDENTIFIER = com.voxelwise.HypnoTime;
				PRODUCT_NAME = "$(TARGET_NAME)";
			};
			name = Release;
		};
/* End XCBuildConfiguration section */

/* Begin XCConfigurationList section */
		08C41BF61BF835C600FEC7B7 /* Build configuration list for PBXProject "HypnoTime" */ = {
			isa = XCConfigurationList;
			buildConfigurations = (
				08C41C101BF835C700FEC7B7 /* Debug */,
				08C41C111BF835C700FEC7B7 /* Release */,
			);
			defaultConfigurationIsVisible = 0;
			defaultConfigurationName = Release;
		};
		08C41C121BF835C700FEC7B7 /* Build configuration list for PBXNativeTarget "HypnoTime" */ = {
			isa = XCConfigurationList;
			buildConfigurations = (
				08C41C131BF835C700FEC7B7 /* Debug */,
				08C41C141BF835C700FEC7B7 /* Release */,
			);
			defaultConfigurationIsVisible = 0;
		};
/* End XCConfigurationList section */
	};
	rootObject = 08C41BF31BF835C600FEC7B7 /* Project object */;
}
