// !$*UTF8*$!
{
	archiveVersion = 1;
	classes = {
	};
	objectVersion = 46;
	objects = {

/* Begin PBXBuildFile section */
		08F363771C72CC5D0066A843 /* main.swift in Sources */ = {isa = PBXBuildFile; fileRef = 08F363761C72CC5D0066A843 /* main.swift */; };
		08F3637E1C72CCCB0066A843 /* Person.swift in Sources */ = {isa = PBXBuildFile; fileRef = 08F3637D1C72CCCB0066A843 /* Person.swift */; };
/* End PBXBuildFile section */

/* Begin PBXCopyFilesBuildPhase section */
		08F363711C72CC5D0066A843 /* CopyFiles */ = {
			isa = PBXCopyFilesBuildPhase;
			buildActionMask = 2147483647;
			dstPath = /usr/share/man/man1/;
			dstSubfolderSpec = 0;
			files = (
			);
			runOnlyForDeploymentPostprocessing = 1;
		};
/* End PBXCopyFilesBuildPhase section */

/* Begin PBXFileReference section */
		08F363731C72CC5D0066A843 /* Chapter 24 - CyclicalAssets, Memory Management */ = {isa = PBXFileReference; explicitFileType = "compiled.mach-o.executable"; includeInIndex = 0; path = "Chapter 24 - CyclicalAssets, Memory Management"; sourceTree = BUILT_PRODUCTS_DIR; };
		08F363761C72CC5D0066A843 /* main.swift */ = {isa = PBXFileReference; lastKnownFileType = sourcecode.swift; path = main.swift; sourceTree = "<group>"; };
		08F3637D1C72CCCB0066A843 /* Person.swift */ = {isa = PBXFileReference; fileEncoding = 4; lastKnownFileType = sourcecode.swift; path = Person.swift; sourceTree = "<group>"; };
/* End PBXFileReference section */

/* Begin PBXFrameworksBuildPhase section */
		08F363701C72CC5D0066A843 /* Frameworks */ = {
			isa = PBXFrameworksBuildPhase;
			buildActionMask = 2147483647;
			files = (
			);
			runOnlyForDeploymentPostprocessing = 0;
		};
/* End PBXFrameworksBuildPhase section */

/* Begin PBXGroup section */
		08F3636A1C72CC5D0066A843 = {
			isa = PBXGroup;
			children = (
				08F363751C72CC5D0066A843 /* Chapter 24 - CyclicalAssets, Memory Management */,
				08F363741C72CC5D0066A843 /* Products */,
			);
			sourceTree = "<group>";
		};
		08F363741C72CC5D0066A843 /* Products */ = {
			isa = PBXGroup;
			children = (
				08F363731C72CC5D0066A843 /* Chapter 24 - CyclicalAssets, Memory Management */,
			);
			name = Products;
			sourceTree = "<group>";
		};
		08F363751C72CC5D0066A843 /* Chapter 24 - CyclicalAssets, Memory Management */ = {
			isa = PBXGroup;
			children = (
				08F363761C72CC5D0066A843 /* main.swift */,
				08F3637D1C72CCCB0066A843 /* Person.swift */,
			);
			path = "Chapter 24 - CyclicalAssets, Memory Management";
			sourceTree = "<group>";
		};
/* End PBXGroup section */

/* Begin PBXNativeTarget section */
		08F363721C72CC5D0066A843 /* Chapter 24 - CyclicalAssets, Memory Management */ = {
			isa = PBXNativeTarget;
			buildConfigurationList = 08F3637A1C72CC5D0066A843 /* Build configuration list for PBXNativeTarget "Chapter 24 - CyclicalAssets, Memory Management" */;
			buildPhases = (
				08F3636F1C72CC5D0066A843 /* Sources */,
				08F363701C72CC5D0066A843 /* Frameworks */,
				08F363711C72CC5D0066A843 /* CopyFiles */,
			);
			buildRules = (
			);
			dependencies = (
			);
			name = "Chapter 24 - CyclicalAssets, Memory Management";
			productName = "Chapter 24 - CyclicalAssets, Memory Management";
			productReference = 08F363731C72CC5D0066A843 /* Chapter 24 - CyclicalAssets, Memory Management */;
			productType = "com.apple.product-type.tool";
		};
/* End PBXNativeTarget section */

/* Begin PBXProject section */
		08F3636B1C72CC5D0066A843 /* Project object */ = {
			isa = PBXProject;
			attributes = {
				LastSwiftUpdateCheck = 0720;
				LastUpgradeCheck = 0720;
				ORGANIZATIONNAME = Voxelwise;
				TargetAttributes = {
					08F363721C72CC5D0066A843 = {
						CreatedOnToolsVersion = 7.2;
					};
				};
			};
			buildConfigurationList = 08F3636E1C72CC5D0066A843 /* Build configuration list for PBXProject "Chapter 24 - CyclicalAssets, Memory Management" */;
			compatibilityVersion = "Xcode 3.2";
			developmentRegion = English;
			hasScannedForEncodings = 0;
			knownRegions = (
				en,
			);
			mainGroup = 08F3636A1C72CC5D0066A843;
			productRefGroup = 08F363741C72CC5D0066A843 /* Products */;
			projectDirPath = "";
			projectRoot = "";
			targets = (
				08F363721C72CC5D0066A843 /* Chapter 24 - CyclicalAssets, Memory Management */,
			);
		};
/* End PBXProject section */

/* Begin PBXSourcesBuildPhase section */
		08F3636F1C72CC5D0066A843 /* Sources */ = {
			isa = PBXSourcesBuildPhase;
			buildActionMask = 2147483647;
			files = (
				08F3637E1C72CCCB0066A843 /* Person.swift in Sources */,
				08F363771C72CC5D0066A843 /* main.swift in Sources */,
			);
			runOnlyForDeploymentPostprocessing = 0;
		};
/* End PBXSourcesBuildPhase section */

/* Begin XCBuildConfiguration section */
		08F363781C72CC5D0066A843 /* Debug */ = {
			isa = XCBuildConfiguration;
			buildSettings = {
				ALWAYS_SEARCH_USER_PATHS = NO;
				CLANG_CXX_LANGUAGE_STANDARD = "gnu++0x";
				CLANG_CXX_LIBRARY = "libc++";
				CLANG_ENABLE_MODULES = YES;
				CLANG_ENABLE_OBJC_ARC = YES;
				CLANG_WARN_BOOL_CONVERSION = YES;
				CLANG_WARN_CONSTANT_CONVERSION = YES;
				CLANG_WARN_DIRECT_OBJC_ISA_USAGE = YES_ERROR;
				CLANG_WARN_EMPTY_BODY = YES;
				CLANG_WARN_ENUM_CONVERSION = YES;
				CLANG_WARN_INT_CONVERSION = YES;
				CLANG_WARN_OBJC_ROOT_CLASS = YES_ERROR;
				CLANG_WARN_UNREACHABLE_CODE = YES;
				CLANG_WARN__DUPLICATE_METHOD_MATCH = YES;
				CODE_SIGN_IDENTITY = "-";
				COPY_PHASE_STRIP = NO;
				DEBUG_INFORMATION_FORMAT = dwarf;
				ENABLE_STRICT_OBJC_MSGSEND = YES;
				ENABLE_TESTABILITY = YES;
				GCC_C_LANGUAGE_STANDARD = gnu99;
				GCC_DYNAMIC_NO_PIC = NO;
				GCC_NO_COMMON_BLOCKS = YES;
				GCC_OPTIMIZATION_LEVEL = 0;
				GCC_PREPROCESSOR_DEFINITIONS = (
					"DEBUG=1",
					"$(inherited)",
				);
				GCC_WARN_64_TO_32_BIT_CONVERSION = YES;
				GCC_WARN_ABOUT_RETURN_TYPE = YES_ERROR;
				GCC_WARN_UNDECLARED_SELECTOR = YES;
				GCC_WARN_UNINITIALIZED_AUTOS = YES_AGGRESSIVE;
				GCC_WARN_UNUSED_FUNCTION = YES;
				GCC_WARN_UNUSED_VARIABLE = YES;
				MACOSX_DEPLOYMENT_TARGET = 10.11;
				MTL_ENABLE_DEBUG_INFO = YES;
				ONLY_ACTIVE_ARCH = YES;
				SDKROOT = macosx;
				SWIFT_OPTIMIZATION_LEVEL = "-Onone";
			};
			name = Debug;
		};
		08F363791C72CC5D0066A843 /* Release */ = {
			isa = XCBuildConfiguration;
			buildSettings = {
				ALWAYS_SEARCH_USER_PATHS = NO;
				CLANG_CXX_LANGUAGE_STANDARD = "gnu++0x";
				CLANG_CXX_LIBRARY = "libc++";
				CLANG_ENABLE_MODULES = YES;
				CLANG_ENABLE_OBJC_ARC = YES;
				CLANG_WARN_BOOL_CONVERSION = YES;
				CLANG_WARN_CONSTANT_CONVERSION = YES;
				CLANG_WARN_DIRECT_OBJC_ISA_USAGE = YES_ERROR;
				CLANG_WARN_EMPTY_BODY = YES;
				CLANG_WARN_ENUM_CONVERSION = YES;
				CLANG_WARN_INT_CONVERSION = YES;
				CLANG_WARN_OBJC_ROOT_CLASS = YES_ERROR;
				CLANG_WARN_UNREACHABLE_CODE = YES;
				CLANG_WARN__DUPLICATE_METHOD_MATCH = YES;
				CODE_SIGN_IDENTITY = "-";
				COPY_PHASE_STRIP = NO;
				DEBUG_INFORMATION_FORMAT = "dwarf-with-dsym";
				ENABLE_NS_ASSERTIONS = NO;
				ENABLE_STRICT_OBJC_MSGSEND = YES;
				GCC_C_LANGUAGE_STANDARD = gnu99;
				GCC_NO_COMMON_BLOCKS = YES;
				GCC_WARN_64_TO_32_BIT_CONVERSION = YES;
				GCC_WARN_ABOUT_RETURN_TYPE = YES_ERROR;
				GCC_WARN_UNDECLARED_SELECTOR = YES;
				GCC_WARN_UNINITIALIZED_AUTOS = YES_AGGRESSIVE;
				GCC_WARN_UNUSED_FUNCTION = YES;
				GCC_WARN_UNUSED_VARIABLE = YES;
				MACOSX_DEPLOYMENT_TARGET = 10.11;
				MTL_ENABLE_DEBUG_INFO = NO;
				SDKROOT = macosx;
			};
			name = Release;
		};
		08F3637B1C72CC5D0066A843 /* Debug */ = {
			isa = XCBuildConfiguration;
			buildSettings = {
				PRODUCT_NAME = "$(TARGET_NAME)";
			};
			name = Debug;
		};
		08F3637C1C72CC5D0066A843 /* Release */ = {
			isa = XCBuildConfiguration;
			buildSettings = {
				PRODUCT_NAME = "$(TARGET_NAME)";
			};
			name = Release;
		};
/* End XCBuildConfiguration section */

/* Begin XCConfigurationList section */
		08F3636E1C72CC5D0066A843 /* Build configuration list for PBXProject "Chapter 24 - CyclicalAssets, Memory Management" */ = {
			isa = XCConfigurationList;
			buildConfigurations = (
				08F363781C72CC5D0066A843 /* Debug */,
				08F363791C72CC5D0066A843 /* Release */,
			);
			defaultConfigurationIsVisible = 0;
			defaultConfigurationName = Release;
		};
		08F3637A1C72CC5D0066A843 /* Build configuration list for PBXNativeTarget "Chapter 24 - CyclicalAssets, Memory Management" */ = {
			isa = XCConfigurationList;
			buildConfigurations = (
				08F3637B1C72CC5D0066A843 /* Debug */,
				08F3637C1C72CC5D0066A843 /* Release */,
			);
			defaultConfigurationIsVisible = 0;
		};
/* End XCConfigurationList section */
	};
	rootObject = 08F3636B1C72CC5D0066A843 /* Project object */;
}
