// !$*UTF8*$!
{
	archiveVersion = 1;
	classes = {
	};
	objectVersion = 46;
	objects = {

/* Begin PBXBuildFile section */
		0809567D1BDCAEFF00056F0B /* AppDelegate.swift in Sources */ = {isa = PBXBuildFile; fileRef = 0809567C1BDCAEFF00056F0B /* AppDelegate.swift */; };
		0809567F1BDCAEFF00056F0B /* Assets.xcassets in Resources */ = {isa = PBXBuildFile; fileRef = 0809567E1BDCAEFF00056F0B /* Assets.xcassets */; };
		080956821BDCAEFF00056F0B /* MainMenu.xib in Resources */ = {isa = PBXBuildFile; fileRef = 080956801BDCAEFF00056F0B /* MainMenu.xib */; };
		0809568B1BDCB01800056F0B /* MainWindowController.swift in Sources */ = {isa = PBXBuildFile; fileRef = 080956891BDCB01800056F0B /* MainWindowController.swift */; settings = {ASSET_TAGS = (); }; };
		0809568C1BDCB01800056F0B /* MainWindowController.xib in Resources */ = {isa = PBXBuildFile; fileRef = 0809568A1BDCB01800056F0B /* MainWindowController.xib */; settings = {ASSET_TAGS = (); }; };
		0809568E1BDCB6A200056F0B /* GeneratePassword.swift in Sources */ = {isa = PBXBuildFile; fileRef = 0809568D1BDCB6A200056F0B /* GeneratePassword.swift */; settings = {ASSET_TAGS = (); }; };
/* End PBXBuildFile section */

/* Begin PBXFileReference section */
		080956791BDCAEFF00056F0B /* RandomPassword.app */ = {isa = PBXFileReference; explicitFileType = wrapper.application; includeInIndex = 0; path = RandomPassword.app; sourceTree = BUILT_PRODUCTS_DIR; };
		0809567C1BDCAEFF00056F0B /* AppDelegate.swift */ = {isa = PBXFileReference; lastKnownFileType = sourcecode.swift; path = AppDelegate.swift; sourceTree = "<group>"; };
		0809567E1BDCAEFF00056F0B /* Assets.xcassets */ = {isa = PBXFileReference; lastKnownFileType = folder.assetcatalog; path = Assets.xcassets; sourceTree = "<group>"; };
		080956811BDCAEFF00056F0B /* Base */ = {isa = PBXFileReference; lastKnownFileType = file.xib; name = Base; path = Base.lproj/MainMenu.xib; sourceTree = "<group>"; };
		080956831BDCAEFF00056F0B /* Info.plist */ = {isa = PBXFileReference; lastKnownFileType = text.plist.xml; path = Info.plist; sourceTree = "<group>"; };
		080956891BDCB01800056F0B /* MainWindowController.swift */ = {isa = PBXFileReference; fileEncoding = 4; lastKnownFileType = sourcecode.swift; path = MainWindowController.swift; sourceTree = "<group>"; };
		0809568A1BDCB01800056F0B /* MainWindowController.xib */ = {isa = PBXFileReference; fileEncoding = 4; lastKnownFileType = file.xib; path = MainWindowController.xib; sourceTree = "<group>"; };
		0809568D1BDCB6A200056F0B /* GeneratePassword.swift */ = {isa = PBXFileReference; fileEncoding = 4; lastKnownFileType = sourcecode.swift; path = GeneratePassword.swift; sourceTree = "<group>"; };
/* End PBXFileReference section */

/* Begin PBXFrameworksBuildPhase section */
		080956761BDCAEFF00056F0B /* Frameworks */ = {
			isa = PBXFrameworksBuildPhase;
			buildActionMask = 2147483647;
			files = (
			);
			runOnlyForDeploymentPostprocessing = 0;
		};
/* End PBXFrameworksBuildPhase section */

/* Begin PBXGroup section */
		080956701BDCAEFF00056F0B = {
			isa = PBXGroup;
			children = (
				0809567B1BDCAEFF00056F0B /* RandomPassword */,
				0809567A1BDCAEFF00056F0B /* Products */,
			);
			sourceTree = "<group>";
		};
		0809567A1BDCAEFF00056F0B /* Products */ = {
			isa = PBXGroup;
			children = (
				080956791BDCAEFF00056F0B /* RandomPassword.app */,
			);
			name = Products;
			sourceTree = "<group>";
		};
		0809567B1BDCAEFF00056F0B /* RandomPassword */ = {
			isa = PBXGroup;
			children = (
				0809567C1BDCAEFF00056F0B /* AppDelegate.swift */,
				0809568D1BDCB6A200056F0B /* GeneratePassword.swift */,
				080956891BDCB01800056F0B /* MainWindowController.swift */,
				0809568A1BDCB01800056F0B /* MainWindowController.xib */,
				0809567E1BDCAEFF00056F0B /* Assets.xcassets */,
				080956801BDCAEFF00056F0B /* MainMenu.xib */,
				080956831BDCAEFF00056F0B /* Info.plist */,
			);
			path = RandomPassword;
			sourceTree = "<group>";
		};
/* End PBXGroup section */

/* Begin PBXNativeTarget section */
		080956781BDCAEFF00056F0B /* RandomPassword */ = {
			isa = PBXNativeTarget;
			buildConfigurationList = 080956861BDCAEFF00056F0B /* Build configuration list for PBXNativeTarget "RandomPassword" */;
			buildPhases = (
				080956751BDCAEFF00056F0B /* Sources */,
				080956761BDCAEFF00056F0B /* Frameworks */,
				080956771BDCAEFF00056F0B /* Resources */,
			);
			buildRules = (
			);
			dependencies = (
			);
			name = RandomPassword;
			productName = RandomPassword;
			productReference = 080956791BDCAEFF00056F0B /* RandomPassword.app */;
			productType = "com.apple.product-type.application";
		};
/* End PBXNativeTarget section */

/* Begin PBXProject section */
		080956711BDCAEFF00056F0B /* Project object */ = {
			isa = PBXProject;
			attributes = {
				LastUpgradeCheck = 0700;
				ORGANIZATIONNAME = Voxelwise;
				TargetAttributes = {
					080956781BDCAEFF00056F0B = {
						CreatedOnToolsVersion = 7.0.1;
					};
				};
			};
			buildConfigurationList = 080956741BDCAEFF00056F0B /* Build configuration list for PBXProject "RandomPassword" */;
			compatibilityVersion = "Xcode 3.2";
			developmentRegion = English;
			hasScannedForEncodings = 0;
			knownRegions = (
				en,
				Base,
			);
			mainGroup = 080956701BDCAEFF00056F0B;
			productRefGroup = 0809567A1BDCAEFF00056F0B /* Products */;
			projectDirPath = "";
			projectRoot = "";
			targets = (
				080956781BDCAEFF00056F0B /* RandomPassword */,
			);
		};
/* End PBXProject section */

/* Begin PBXResourcesBuildPhase section */
		080956771BDCAEFF00056F0B /* Resources */ = {
			isa = PBXResourcesBuildPhase;
			buildActionMask = 2147483647;
			files = (
				0809567F1BDCAEFF00056F0B /* Assets.xcassets in Resources */,
				0809568C1BDCB01800056F0B /* MainWindowController.xib in Resources */,
				080956821BDCAEFF00056F0B /* MainMenu.xib in Resources */,
			);
			runOnlyForDeploymentPostprocessing = 0;
		};
/* End PBXResourcesBuildPhase section */

/* Begin PBXSourcesBuildPhase section */
		080956751BDCAEFF00056F0B /* Sources */ = {
			isa = PBXSourcesBuildPhase;
			buildActionMask = 2147483647;
			files = (
				0809568B1BDCB01800056F0B /* MainWindowController.swift in Sources */,
				0809568E1BDCB6A200056F0B /* GeneratePassword.swift in Sources */,
				0809567D1BDCAEFF00056F0B /* AppDelegate.swift in Sources */,
			);
			runOnlyForDeploymentPostprocessing = 0;
		};
/* End PBXSourcesBuildPhase section */

/* Begin PBXVariantGroup section */
		080956801BDCAEFF00056F0B /* MainMenu.xib */ = {
			isa = PBXVariantGroup;
			children = (
				080956811BDCAEFF00056F0B /* Base */,
			);
			name = MainMenu.xib;
			sourceTree = "<group>";
		};
/* End PBXVariantGroup section */

/* Begin XCBuildConfiguration section */
		080956841BDCAEFF00056F0B /* Debug */ = {
			isa = XCBuildConfiguration;
			buildSettings = {
				ALWAYS_SEARCH_USER_PATHS = NO;
				CLANG_CXX_LANGUAGE_STANDARD = "gnu++0x";
				CLANG_CXX_LIBRARY = "libc++";
				CLANG_ENABLE_MODULES = YES;
				CLANG_ENABLE_OBJC_ARC = YES;
				CLANG_WARN_BOOL_CONVERSION = YES;
				CLANG_WARN_CONSTANT_CONVERSION = YES;
				CLANG_WARN_DIRECT_OBJC_ISA_USAGE = YES_ERROR;
				CLANG_WARN_EMPTY_BODY = YES;
				CLANG_WARN_ENUM_CONVERSION = YES;
				CLANG_WARN_INT_CONVERSION = YES;
				CLANG_WARN_OBJC_ROOT_CLASS = YES_ERROR;
				CLANG_WARN_UNREACHABLE_CODE = YES;
				CLANG_WARN__DUPLICATE_METHOD_MATCH = YES;
				CODE_SIGN_IDENTITY = "-";
				COPY_PHASE_STRIP = NO;
				DEBUG_INFORMATION_FORMAT = dwarf;
				ENABLE_STRICT_OBJC_MSGSEND = YES;
				ENABLE_TESTABILITY = YES;
				GCC_C_LANGUAGE_STANDARD = gnu99;
				GCC_DYNAMIC_NO_PIC = NO;
				GCC_NO_COMMON_BLOCKS = YES;
				GCC_OPTIMIZATION_LEVEL = 0;
				GCC_PREPROCESSOR_DEFINITIONS = (
					"DEBUG=1",
					"$(inherited)",
				);
				GCC_WARN_64_TO_32_BIT_CONVERSION = YES;
				GCC_WARN_ABOUT_RETURN_TYPE = YES_ERROR;
				GCC_WARN_UNDECLARED_SELECTOR = YES;
				GCC_WARN_UNINITIALIZED_AUTOS = YES_AGGRESSIVE;
				GCC_WARN_UNUSED_FUNCTION = YES;
				GCC_WARN_UNUSED_VARIABLE = YES;
				MACOSX_DEPLOYMENT_TARGET = 10.10;
				MTL_ENABLE_DEBUG_INFO = YES;
				ONLY_ACTIVE_ARCH = YES;
				SDKROOT = macosx;
				SWIFT_OPTIMIZATION_LEVEL = "-Onone";
			};
			name = Debug;
		};
		080956851BDCAEFF00056F0B /* Release */ = {
			isa = XCBuildConfiguration;
			buildSettings = {
				ALWAYS_SEARCH_USER_PATHS = NO;
				CLANG_CXX_LANGUAGE_STANDARD = "gnu++0x";
				CLANG_CXX_LIBRARY = "libc++";
				CLANG_ENABLE_MODULES = YES;
				CLANG_ENABLE_OBJC_ARC = YES;
				CLANG_WARN_BOOL_CONVERSION = YES;
				CLANG_WARN_CONSTANT_CONVERSION = YES;
				CLANG_WARN_DIRECT_OBJC_ISA_USAGE = YES_ERROR;
				CLANG_WARN_EMPTY_BODY = YES;
				CLANG_WARN_ENUM_CONVERSION = YES;
				CLANG_WARN_INT_CONVERSION = YES;
				CLANG_WARN_OBJC_ROOT_CLASS = YES_ERROR;
				CLANG_WARN_UNREACHABLE_CODE = YES;
				CLANG_WARN__DUPLICATE_METHOD_MATCH = YES;
				CODE_SIGN_IDENTITY = "-";
				COPY_PHASE_STRIP = NO;
				DEBUG_INFORMATION_FORMAT = "dwarf-with-dsym";
				ENABLE_NS_ASSERTIONS = NO;
				ENABLE_STRICT_OBJC_MSGSEND = YES;
				GCC_C_LANGUAGE_STANDARD = gnu99;
				GCC_NO_COMMON_BLOCKS = YES;
				GCC_WARN_64_TO_32_BIT_CONVERSION = YES;
				GCC_WARN_ABOUT_RETURN_TYPE = YES_ERROR;
				GCC_WARN_UNDECLARED_SELECTOR = YES;
				GCC_WARN_UNINITIALIZED_AUTOS = YES_AGGRESSIVE;
				GCC_WARN_UNUSED_FUNCTION = YES;
				GCC_WARN_UNUSED_VARIABLE = YES;
				MACOSX_DEPLOYMENT_TARGET = 10.10;
				MTL_ENABLE_DEBUG_INFO = NO;
				SDKROOT = macosx;
			};
			name = Release;
		};
		080956871BDCAEFF00056F0B /* Debug */ = {
			isa = XCBuildConfiguration;
			buildSettings = {
				ASSETCATALOG_COMPILER_APPICON_NAME = AppIcon;
				COMBINE_HIDPI_IMAGES = YES;
				INFOPLIST_FILE = RandomPassword/Info.plist;
				LD_RUNPATH_SEARCH_PATHS = "$(inherited) @executable_path/../Frameworks";
				PRODUCT_BUNDLE_IDENTIFIER = com.voxelwise.RandomPassword;
				PRODUCT_NAME = "$(TARGET_NAME)";
			};
			name = Debug;
		};
		080956881BDCAEFF00056F0B /* Release */ = {
			isa = XCBuildConfiguration;
			buildSettings = {
				ASSETCATALOG_COMPILER_APPICON_NAME = AppIcon;
				COMBINE_HIDPI_IMAGES = YES;
				INFOPLIST_FILE = RandomPassword/Info.plist;
				LD_RUNPATH_SEARCH_PATHS = "$(inherited) @executable_path/../Frameworks";
				PRODUCT_BUNDLE_IDENTIFIER = com.voxelwise.RandomPassword;
				PRODUCT_NAME = "$(TARGET_NAME)";
			};
			name = Release;
		};
/* End XCBuildConfiguration section */

/* Begin XCConfigurationList section */
		080956741BDCAEFF00056F0B /* Build configuration list for PBXProject "RandomPassword" */ = {
			isa = XCConfigurationList;
			buildConfigurations = (
				080956841BDCAEFF00056F0B /* Debug */,
				080956851BDCAEFF00056F0B /* Release */,
			);
			defaultConfigurationIsVisible = 0;
			defaultConfigurationName = Release;
		};
		080956861BDCAEFF00056F0B /* Build configuration list for PBXNativeTarget "RandomPassword" */ = {
			isa = XCConfigurationList;
			buildConfigurations = (
				080956871BDCAEFF00056F0B /* Debug */,
				080956881BDCAEFF00056F0B /* Release */,
			);
			defaultConfigurationIsVisible = 0;
		};
/* End XCConfigurationList section */
	};
	rootObject = 080956711BDCAEFF00056F0B /* Project object */;
}
