// !$*UTF8*$!
{
	archiveVersion = 1;
	classes = {
	};
	objectVersion = 46;
	objects = {

/* Begin PBXBuildFile section */
		08960C251BE6D18F0045451D /* AppDelegate.swift in Sources */ = {isa = PBXBuildFile; fileRef = 08960C241BE6D18F0045451D /* AppDelegate.swift */; };
		08960C271BE6D18F0045451D /* Document.swift in Sources */ = {isa = PBXBuildFile; fileRef = 08960C261BE6D18F0045451D /* Document.swift */; };
		08960C2A1BE6D18F0045451D /* Document.xib in Resources */ = {isa = PBXBuildFile; fileRef = 08960C281BE6D18F0045451D /* Document.xib */; };
		08960C2C1BE6D18F0045451D /* Assets.xcassets in Resources */ = {isa = PBXBuildFile; fileRef = 08960C2B1BE6D18F0045451D /* Assets.xcassets */; };
		08960C2F1BE6D18F0045451D /* MainMenu.xib in Resources */ = {isa = PBXBuildFile; fileRef = 08960C2D1BE6D18F0045451D /* MainMenu.xib */; };
/* End PBXBuildFile section */

/* Begin PBXFileReference section */
		08960C211BE6D18F0045451D /* RaiseMan.app */ = {isa = PBXFileReference; explicitFileType = wrapper.application; includeInIndex = 0; path = RaiseMan.app; sourceTree = BUILT_PRODUCTS_DIR; };
		08960C241BE6D18F0045451D /* AppDelegate.swift */ = {isa = PBXFileReference; lastKnownFileType = sourcecode.swift; path = AppDelegate.swift; sourceTree = "<group>"; };
		08960C261BE6D18F0045451D /* Document.swift */ = {isa = PBXFileReference; lastKnownFileType = sourcecode.swift; path = Document.swift; sourceTree = "<group>"; };
		08960C291BE6D18F0045451D /* Base */ = {isa = PBXFileReference; lastKnownFileType = file.xib; name = Base; path = Base.lproj/Document.xib; sourceTree = "<group>"; };
		08960C2B1BE6D18F0045451D /* Assets.xcassets */ = {isa = PBXFileReference; lastKnownFileType = folder.assetcatalog; path = Assets.xcassets; sourceTree = "<group>"; };
		08960C2E1BE6D18F0045451D /* Base */ = {isa = PBXFileReference; lastKnownFileType = file.xib; name = Base; path = Base.lproj/MainMenu.xib; sourceTree = "<group>"; };
		08960C301BE6D18F0045451D /* Info.plist */ = {isa = PBXFileReference; lastKnownFileType = text.plist.xml; path = Info.plist; sourceTree = "<group>"; };
/* End PBXFileReference section */

/* Begin PBXFrameworksBuildPhase section */
		08960C1E1BE6D18F0045451D /* Frameworks */ = {
			isa = PBXFrameworksBuildPhase;
			buildActionMask = 2147483647;
			files = (
			);
			runOnlyForDeploymentPostprocessing = 0;
		};
/* End PBXFrameworksBuildPhase section */

/* Begin PBXGroup section */
		08960C181BE6D18F0045451D = {
			isa = PBXGroup;
			children = (
				08960C231BE6D18F0045451D /* RaiseMan */,
				08960C221BE6D18F0045451D /* Products */,
			);
			sourceTree = "<group>";
		};
		08960C221BE6D18F0045451D /* Products */ = {
			isa = PBXGroup;
			children = (
				08960C211BE6D18F0045451D /* RaiseMan.app */,
			);
			name = Products;
			sourceTree = "<group>";
		};
		08960C231BE6D18F0045451D /* RaiseMan */ = {
			isa = PBXGroup;
			children = (
				08960C241BE6D18F0045451D /* AppDelegate.swift */,
				08960C261BE6D18F0045451D /* Document.swift */,
				08960C281BE6D18F0045451D /* Document.xib */,
				08960C2B1BE6D18F0045451D /* Assets.xcassets */,
				08960C2D1BE6D18F0045451D /* MainMenu.xib */,
				08960C301BE6D18F0045451D /* Info.plist */,
			);
			path = RaiseMan;
			sourceTree = "<group>";
		};
/* End PBXGroup section */

/* Begin PBXNativeTarget section */
		08960C201BE6D18F0045451D /* RaiseMan */ = {
			isa = PBXNativeTarget;
			buildConfigurationList = 08960C331BE6D18F0045451D /* Build configuration list for PBXNativeTarget "RaiseMan" */;
			buildPhases = (
				08960C1D1BE6D18F0045451D /* Sources */,
				08960C1E1BE6D18F0045451D /* Frameworks */,
				08960C1F1BE6D18F0045451D /* Resources */,
			);
			buildRules = (
			);
			dependencies = (
			);
			name = RaiseMan;
			productName = RaiseMan;
			productReference = 08960C211BE6D18F0045451D /* RaiseMan.app */;
			productType = "com.apple.product-type.application";
		};
/* End PBXNativeTarget section */

/* Begin PBXProject section */
		08960C191BE6D18F0045451D /* Project object */ = {
			isa = PBXProject;
			attributes = {
				LastSwiftUpdateCheck = 0710;
				LastUpgradeCheck = 0710;
				ORGANIZATIONNAME = Voxelwise;
				TargetAttributes = {
					08960C201BE6D18F0045451D = {
						CreatedOnToolsVersion = 7.1;
					};
				};
			};
			buildConfigurationList = 08960C1C1BE6D18F0045451D /* Build configuration list for PBXProject "RaiseMan" */;
			compatibilityVersion = "Xcode 3.2";
			developmentRegion = English;
			hasScannedForEncodings = 0;
			knownRegions = (
				en,
				Base,
			);
			mainGroup = 08960C181BE6D18F0045451D;
			productRefGroup = 08960C221BE6D18F0045451D /* Products */;
			projectDirPath = "";
			projectRoot = "";
			targets = (
				08960C201BE6D18F0045451D /* RaiseMan */,
			);
		};
/* End PBXProject section */

/* Begin PBXResourcesBuildPhase section */
		08960C1F1BE6D18F0045451D /* Resources */ = {
			isa = PBXResourcesBuildPhase;
			buildActionMask = 2147483647;
			files = (
				08960C2C1BE6D18F0045451D /* Assets.xcassets in Resources */,
				08960C2A1BE6D18F0045451D /* Document.xib in Resources */,
				08960C2F1BE6D18F0045451D /* MainMenu.xib in Resources */,
			);
			runOnlyForDeploymentPostprocessing = 0;
		};
/* End PBXResourcesBuildPhase section */

/* Begin PBXSourcesBuildPhase section */
		08960C1D1BE6D18F0045451D /* Sources */ = {
			isa = PBXSourcesBuildPhase;
			buildActionMask = 2147483647;
			files = (
				08960C271BE6D18F0045451D /* Document.swift in Sources */,
				08960C251BE6D18F0045451D /* AppDelegate.swift in Sources */,
			);
			runOnlyForDeploymentPostprocessing = 0;
		};
/* End PBXSourcesBuildPhase section */

/* Begin PBXVariantGroup section */
		08960C281BE6D18F0045451D /* Document.xib */ = {
			isa = PBXVariantGroup;
			children = (
				08960C291BE6D18F0045451D /* Base */,
			);
			name = Document.xib;
			sourceTree = "<group>";
		};
		08960C2D1BE6D18F0045451D /* MainMenu.xib */ = {
			isa = PBXVariantGroup;
			children = (
				08960C2E1BE6D18F0045451D /* Base */,
			);
			name = MainMenu.xib;
			sourceTree = "<group>";
		};
/* End PBXVariantGroup section */

/* Begin XCBuildConfiguration section */
		08960C311BE6D18F0045451D /* Debug */ = {
			isa = XCBuildConfiguration;
			buildSettings = {
				ALWAYS_SEARCH_USER_PATHS = NO;
				CLANG_CXX_LANGUAGE_STANDARD = "gnu++0x";
				CLANG_CXX_LIBRARY = "libc++";
				CLANG_ENABLE_MODULES = YES;
				CLANG_ENABLE_OBJC_ARC = YES;
				CLANG_WARN_BOOL_CONVERSION = YES;
				CLANG_WARN_CONSTANT_CONVERSION = YES;
				CLANG_WARN_DIRECT_OBJC_ISA_USAGE = YES_ERROR;
				CLANG_WARN_EMPTY_BODY = YES;
				CLANG_WARN_ENUM_CONVERSION = YES;
				CLANG_WARN_INT_CONVERSION = YES;
				CLANG_WARN_OBJC_ROOT_CLASS = YES_ERROR;
				CLANG_WARN_UNREACHABLE_CODE = YES;
				CLANG_WARN__DUPLICATE_METHOD_MATCH = YES;
				CODE_SIGN_IDENTITY = "-";
				COPY_PHASE_STRIP = NO;
				DEBUG_INFORMATION_FORMAT = dwarf;
				ENABLE_STRICT_OBJC_MSGSEND = YES;
				ENABLE_TESTABILITY = YES;
				GCC_C_LANGUAGE_STANDARD = gnu99;
				GCC_DYNAMIC_NO_PIC = NO;
				GCC_NO_COMMON_BLOCKS = YES;
				GCC_OPTIMIZATION_LEVEL = 0;
				GCC_PREPROCESSOR_DEFINITIONS = (
					"DEBUG=1",
					"$(inherited)",
				);
				GCC_WARN_64_TO_32_BIT_CONVERSION = YES;
				GCC_WARN_ABOUT_RETURN_TYPE = YES_ERROR;
				GCC_WARN_UNDECLARED_SELECTOR = YES;
				GCC_WARN_UNINITIALIZED_AUTOS = YES_AGGRESSIVE;
				GCC_WARN_UNUSED_FUNCTION = YES;
				GCC_WARN_UNUSED_VARIABLE = YES;
				MACOSX_DEPLOYMENT_TARGET = 10.11;
				MTL_ENABLE_DEBUG_INFO = YES;
				ONLY_ACTIVE_ARCH = YES;
				SDKROOT = macosx;
				SWIFT_OPTIMIZATION_LEVEL = "-Onone";
			};
			name = Debug;
		};
		08960C321BE6D18F0045451D /* Release */ = {
			isa = XCBuildConfiguration;
			buildSettings = {
				ALWAYS_SEARCH_USER_PATHS = NO;
				CLANG_CXX_LANGUAGE_STANDARD = "gnu++0x";
				CLANG_CXX_LIBRARY = "libc++";
				CLANG_ENABLE_MODULES = YES;
				CLANG_ENABLE_OBJC_ARC = YES;
				CLANG_WARN_BOOL_CONVERSION = YES;
				CLANG_WARN_CONSTANT_CONVERSION = YES;
				CLANG_WARN_DIRECT_OBJC_ISA_USAGE = YES_ERROR;
				CLANG_WARN_EMPTY_BODY = YES;
				CLANG_WARN_ENUM_CONVERSION = YES;
				CLANG_WARN_INT_CONVERSION = YES;
				CLANG_WARN_OBJC_ROOT_CLASS = YES_ERROR;
				CLANG_WARN_UNREACHABLE_CODE = YES;
				CLANG_WARN__DUPLICATE_METHOD_MATCH = YES;
				CODE_SIGN_IDENTITY = "-";
				COPY_PHASE_STRIP = NO;
				DEBUG_INFORMATION_FORMAT = "dwarf-with-dsym";
				ENABLE_NS_ASSERTIONS = NO;
				ENABLE_STRICT_OBJC_MSGSEND = YES;
				GCC_C_LANGUAGE_STANDARD = gnu99;
				GCC_NO_COMMON_BLOCKS = YES;
				GCC_WARN_64_TO_32_BIT_CONVERSION = YES;
				GCC_WARN_ABOUT_RETURN_TYPE = YES_ERROR;
				GCC_WARN_UNDECLARED_SELECTOR = YES;
				GCC_WARN_UNINITIALIZED_AUTOS = YES_AGGRESSIVE;
				GCC_WARN_UNUSED_FUNCTION = YES;
				GCC_WARN_UNUSED_VARIABLE = YES;
				MACOSX_DEPLOYMENT_TARGET = 10.11;
				MTL_ENABLE_DEBUG_INFO = NO;
				SDKROOT = macosx;
			};
			name = Release;
		};
		08960C341BE6D18F0045451D /* Debug */ = {
			isa = XCBuildConfiguration;
			buildSettings = {
				ASSETCATALOG_COMPILER_APPICON_NAME = AppIcon;
				COMBINE_HIDPI_IMAGES = YES;
				INFOPLIST_FILE = RaiseMan/Info.plist;
				LD_RUNPATH_SEARCH_PATHS = "$(inherited) @executable_path/../Frameworks";
				PRODUCT_BUNDLE_IDENTIFIER = com.voxelwise.RaiseMan;
				PRODUCT_NAME = "$(TARGET_NAME)";
			};
			name = Debug;
		};
		08960C351BE6D18F0045451D /* Release */ = {
			isa = XCBuildConfiguration;
			buildSettings = {
				ASSETCATALOG_COMPILER_APPICON_NAME = AppIcon;
				COMBINE_HIDPI_IMAGES = YES;
				INFOPLIST_FILE = RaiseMan/Info.plist;
				LD_RUNPATH_SEARCH_PATHS = "$(inherited) @executable_path/../Frameworks";
				PRODUCT_BUNDLE_IDENTIFIER = com.voxelwise.RaiseMan;
				PRODUCT_NAME = "$(TARGET_NAME)";
			};
			name = Release;
		};
/* End XCBuildConfiguration section */

/* Begin XCConfigurationList section */
		08960C1C1BE6D18F0045451D /* Build configuration list for PBXProject "RaiseMan" */ = {
			isa = XCConfigurationList;
			buildConfigurations = (
				08960C311BE6D18F0045451D /* Debug */,
				08960C321BE6D18F0045451D /* Release */,
			);
			defaultConfigurationIsVisible = 0;
			defaultConfigurationName = Release;
		};
		08960C331BE6D18F0045451D /* Build configuration list for PBXNativeTarget "RaiseMan" */ = {
			isa = XCConfigurationList;
			buildConfigurations = (
				08960C341BE6D18F0045451D /* Debug */,
				08960C351BE6D18F0045451D /* Release */,
			);
			defaultConfigurationIsVisible = 0;
		};
/* End XCConfigurationList section */
	};
	rootObject = 08960C191BE6D18F0045451D /* Project object */;
}
